
Microsoft Visual Studio Solution File, Format Version 12.00
# Visual Studio Version 17
VisualStudioVersion = 17.4.33103.184
MinimumVisualStudioVersion = 10.0.40219.1
Project("{FAE04EC0-301F-11D3-BF4B-00C04F79EFBC}") = "ConsoleAppOCR2", "ConsoleAppOCR2.csproj", "{EB7BE425-A900-4A81-9800-7AECFDBD18D9}"
EndProject
Global
	GlobalSection(SolutionConfigurationPlatforms) = preSolution
		Debug|Any CPU = Debug|Any CPU
		Release|Any CPU = Release|Any CPU
	EndGlobalSection
	GlobalSection(ProjectConfigurationPlatforms) = postSolution
		{EB7BE425-A900-4A81-9800-7AECFDBD18D9}.Debug|Any CPU.ActiveCfg = Debug|Any CPU
		{EB7BE425-A900-4A81-9800-7AECFDBD18D9}.Debug|Any CPU.Build.0 = Debug|Any CPU
		{EB7BE425-A900-4A81-9800-7AECFDBD18D9}.Release|Any CPU.ActiveCfg = Release|Any CPU
		{EB7BE425-A900-4A81-9800-7AECFDBD18D9}.Release|Any CPU.Build.0 = Release|Any CPU
	EndGlobalSection
	GlobalSection(SolutionProperties) = preSolution
		HideSolutionNode = FALSE
	EndGlobalSection
	GlobalSection(ExtensibilityGlobals) = postSolution
		SolutionGuid = {DBAFD158-1766-4323-B649-96ABC6207AA2}
	EndGlobalSection
EndGlobal
